schema: '2.0'
stages:
  data_ingestion:
    cmd: python src/Covid_19/pipeline/stage_01_data_ingestion.py
    deps:
    - path: config/config.yaml
      hash: md5
      md5: 7a45bb4f5fe2cef9d8072268192ea8d7
      size: 588
    - path: src/Covid_19/pipeline/stage_01_data_ingestion.py
      hash: md5
      md5: 0e1e309a318a46dd2fb4f8715bab3304
      size: 895
    outs:
    - path: artifacts/data_ingestion
      hash: md5
      md5: 68d7cdffde5a9a1acef58f25f0ba312a.dir
      size: 1238835796
      nfiles: 869
  prepare_base_model:
    cmd: python src/Covid_19/pipeline/stage_02_prepare_base_model.py
    deps:
    - path: config/config.yaml
      hash: md5
      md5: 7a45bb4f5fe2cef9d8072268192ea8d7
      size: 588
    - path: src/Covid_19/pipeline/stage_02_prepare_base_model.py
      hash: md5
      md5: 066389d69a81eb4d00d5db56d8f00c92
      size: 984
    params:
      params.yaml:
        CLASSES: 2
        IMAGE_SIZE:
        - 224
        - 224
        - 3
        INCLUDE_TOP: false
        LEARNING_RATE: 0.01
        WEIGHTS: imagenet
    outs:
    - path: artifacts/prepare_base_model
      hash: md5
      md5: ab4bd964b894d07457c2f4659dd63d6d.dir
      size: 118054560
      nfiles: 2
  training:
    cmd: python src/Covid_19/pipeline/stage_03_model_training.py
    deps:
    - path: artifacts/data_ingestion/
      hash: md5
      md5: 68d7cdffde5a9a1acef58f25f0ba312a.dir
      size: 1238835796
      nfiles: 869
    - path: artifacts/prepare_base_model
      hash: md5
      md5: ab4bd964b894d07457c2f4659dd63d6d.dir
      size: 118054560
      nfiles: 2
    - path: config/config.yaml
      hash: md5
      md5: 7a45bb4f5fe2cef9d8072268192ea8d7
      size: 588
    - path: src/Covid_19/pipeline/stage_03_model_training.py
      hash: md5
      md5: 582d4daecd6451eb583651553811d16e
      size: 914
    params:
      params.yaml:
        AUGMENTATION: true
        BATCH_SIZE: 16
        EPOCHS: 2
        IMAGE_SIZE:
        - 224
        - 224
        - 3
    outs:
    - path: artifacts/training/model.h5
      hash: md5
      md5: 8614403d325183a8375b5d48d352f67b
      size: 59337520
  evaluation:
    cmd: python src/Covid_19/pipeline/stage_04_model_evaluation.py
    deps:
    - path: artifacts/data_ingestion/
      hash: md5
      md5: 68d7cdffde5a9a1acef58f25f0ba312a.dir
      size: 1238835796
      nfiles: 869
    - path: artifacts/training/model.h5
      hash: md5
      md5: 8614403d325183a8375b5d48d352f67b
      size: 59337520
    - path: config/config.yaml
      hash: md5
      md5: 7a45bb4f5fe2cef9d8072268192ea8d7
      size: 588
    - path: src/Covid_19/pipeline/stage_04_model_evaluation.py
      hash: md5
      md5: 7855911d888932f7d24e2d7017ea0b37
      size: 921
    params:
      params.yaml:
        BATCH_SIZE: 16
        IMAGE_SIZE:
        - 224
        - 224
        - 3
    outs:
    - path: scores.json
      hash: md5
      md5: f8ca09b47b9090d9daae3d72ee6f4305
      size: 74
